
Microsoft Visual Studio Solution File, Format Version 12.00
# Visual Studio Version 16
VisualStudioVersion = 16.0.31321.278
MinimumVisualStudioVersion = 10.0.40219.1
Project("{9A19103F-16F7-4668-BE54-9A1E7A4F7556}") = "PSP", "PSP\PSP.csproj", "{95D28E45-0047-4F37-B375-6FDC0E5A6625}"
EndProject
Project("{9A19103F-16F7-4668-BE54-9A1E7A4F7556}") = "ValidationTests", "ValidationTests\ValidationTests.csproj", "{D573F828-EB56-4B2A-A444-54167B8FF147}"
EndProject
Project("{9A19103F-16F7-4668-BE54-9A1E7A4F7556}") = "PSP.TestsFixed", "PSP.TestsFixed\PSP.TestsFixed.csproj", "{87E017C2-1641-43C6-A591-B7C60A431C40}"
EndProject
Project("{9A19103F-16F7-4668-BE54-9A1E7A4F7556}") = "UserCreationApi", "UserCreationApi\UserCreationApi.csproj", "{1943422C-DF57-46FD-BA20-114B53623082}"
EndProject
Project("{9A19103F-16F7-4668-BE54-9A1E7A4F7556}") = "Database", "Database\Database.csproj", "{B9DE7E40-6E12-4585-889E-92A9FB2FECB9}"
EndProject
Project("{9A19103F-16F7-4668-BE54-9A1E7A4F7556}") = "UserCreation.UnitTests", "UserCreation.UnitTests\UserCreation.UnitTests.csproj", "{67FE84A7-C8A3-4F33-812C-546E684047D8}"
EndProject
Global
	GlobalSection(SolutionConfigurationPlatforms) = preSolution
		Debug|Any CPU = Debug|Any CPU
		Release|Any CPU = Release|Any CPU
	EndGlobalSection
	GlobalSection(ProjectConfigurationPlatforms) = postSolution
		{95D28E45-0047-4F37-B375-6FDC0E5A6625}.Debug|Any CPU.ActiveCfg = Debug|Any CPU
		{95D28E45-0047-4F37-B375-6FDC0E5A6625}.Debug|Any CPU.Build.0 = Debug|Any CPU
		{95D28E45-0047-4F37-B375-6FDC0E5A6625}.Release|Any CPU.ActiveCfg = Release|Any CPU
		{95D28E45-0047-4F37-B375-6FDC0E5A6625}.Release|Any CPU.Build.0 = Release|Any CPU
		{D573F828-EB56-4B2A-A444-54167B8FF147}.Debug|Any CPU.ActiveCfg = Debug|Any CPU
		{D573F828-EB56-4B2A-A444-54167B8FF147}.Debug|Any CPU.Build.0 = Debug|Any CPU
		{D573F828-EB56-4B2A-A444-54167B8FF147}.Release|Any CPU.ActiveCfg = Release|Any CPU
		{D573F828-EB56-4B2A-A444-54167B8FF147}.Release|Any CPU.Build.0 = Release|Any CPU
		{87E017C2-1641-43C6-A591-B7C60A431C40}.Debug|Any CPU.ActiveCfg = Debug|Any CPU
		{87E017C2-1641-43C6-A591-B7C60A431C40}.Release|Any CPU.ActiveCfg = Release|Any CPU
		{87E017C2-1641-43C6-A591-B7C60A431C40}.Release|Any CPU.Build.0 = Release|Any CPU
		{1943422C-DF57-46FD-BA20-114B53623082}.Debug|Any CPU.ActiveCfg = Debug|Any CPU
		{1943422C-DF57-46FD-BA20-114B53623082}.Debug|Any CPU.Build.0 = Debug|Any CPU
		{1943422C-DF57-46FD-BA20-114B53623082}.Release|Any CPU.ActiveCfg = Release|Any CPU
		{1943422C-DF57-46FD-BA20-114B53623082}.Release|Any CPU.Build.0 = Release|Any CPU
		{B9DE7E40-6E12-4585-889E-92A9FB2FECB9}.Debug|Any CPU.ActiveCfg = Debug|Any CPU
		{B9DE7E40-6E12-4585-889E-92A9FB2FECB9}.Debug|Any CPU.Build.0 = Debug|Any CPU
		{B9DE7E40-6E12-4585-889E-92A9FB2FECB9}.Release|Any CPU.ActiveCfg = Release|Any CPU
		{B9DE7E40-6E12-4585-889E-92A9FB2FECB9}.Release|Any CPU.Build.0 = Release|Any CPU
		{67FE84A7-C8A3-4F33-812C-546E684047D8}.Debug|Any CPU.ActiveCfg = Debug|Any CPU
		{67FE84A7-C8A3-4F33-812C-546E684047D8}.Debug|Any CPU.Build.0 = Debug|Any CPU
		{67FE84A7-C8A3-4F33-812C-546E684047D8}.Release|Any CPU.ActiveCfg = Release|Any CPU
		{67FE84A7-C8A3-4F33-812C-546E684047D8}.Release|Any CPU.Build.0 = Release|Any CPU
	EndGlobalSection
	GlobalSection(SolutionProperties) = preSolution
		HideSolutionNode = FALSE
	EndGlobalSection
	GlobalSection(ExtensibilityGlobals) = postSolution
		SolutionGuid = {7646036B-873D-4137-AB6A-3A82899673C8}
	EndGlobalSection
EndGlobal
